// !$*UTF8*$!
{
	archiveVersion = 1;
	classes = {
	};
	objectVersion = 50;
	objects = {

/* Begin PBXBuildFile section */
		6A0F7AD0242EB783006FF5EB /* AppDelegate.swift in Sources */ = {isa = PBXBuildFile; fileRef = 6A0F7ACF242EB783006FF5EB /* AppDelegate.swift */; };
		6A0F7AD2242EB783006FF5EB /* SceneDelegate.swift in Sources */ = {isa = PBXBuildFile; fileRef = 6A0F7AD1242EB783006FF5EB /* SceneDelegate.swift */; };
		6A0F7AD4242EB783006FF5EB /* ViewController.swift in Sources */ = {isa = PBXBuildFile; fileRef = 6A0F7AD3242EB783006FF5EB /* ViewController.swift */; };
		6A0F7AD7242EB783006FF5EB /* Main.storyboard in Resources */ = {isa = PBXBuildFile; fileRef = 6A0F7AD5242EB783006FF5EB /* Main.storyboard */; };
		6A0F7AD9242EB785006FF5EB /* Assets.xcassets in Resources */ = {isa = PBXBuildFile; fileRef = 6A0F7AD8242EB785006FF5EB /* Assets.xcassets */; };
		6A0F7ADC242EB785006FF5EB /* LaunchScreen.storyboard in Resources */ = {isa = PBXBuildFile; fileRef = 6A0F7ADA242EB785006FF5EB /* LaunchScreen.storyboard */; };
		6A0F7AE7242EB785006FF5EB /* MyAppTests.swift in Sources */ = {isa = PBXBuildFile; fileRef = 6A0F7AE6242EB785006FF5EB /* MyAppTests.swift */; };
		6A0F7AF2242EB785006FF5EB /* MyAppUITests.swift in Sources */ = {isa = PBXBuildFile; fileRef = 6A0F7AF1242EB785006FF5EB /* MyAppUITests.swift */; };
		6AA356E5244A730800160617 /* Person.swift in Sources */ = {isa = PBXBuildFile; fileRef = 6AA356E4244A730800160617 /* Person.swift */; };
		6AA356E8244A75B700160617 /* Person.json in CopyFiles */ = {isa = PBXBuildFile; fileRef = 6AA356E7244A75B700160617 /* Person.json */; };
		6AA356ED244B678800160617 /* HttpMethodTypes.swift in Sources */ = {isa = PBXBuildFile; fileRef = 6AA356EC244B678800160617 /* HttpMethodTypes.swift */; };
		6AA356EF244B691000160617 /* HttpMessageType.swift in Sources */ = {isa = PBXBuildFile; fileRef = 6AA356EE244B691000160617 /* HttpMessageType.swift */; };
		6AA356F1244B697F00160617 /* HttpMessage.swift in Sources */ = {isa = PBXBuildFile; fileRef = 6AA356F0244B697F00160617 /* HttpMessage.swift */; };
		6AA356F3244B6A7200160617 /* HttpRequest.swift in Sources */ = {isa = PBXBuildFile; fileRef = 6AA356F2244B6A7200160617 /* HttpRequest.swift */; };
		6AA356F5244B6A8700160617 /* HttpResponse.swift in Sources */ = {isa = PBXBuildFile; fileRef = 6AA356F4244B6A8700160617 /* HttpResponse.swift */; };
		6AA356F9244B6E0E00160617 /* HttpMethod.swift in Sources */ = {isa = PBXBuildFile; fileRef = 6AA356F8244B6E0E00160617 /* HttpMethod.swift */; };
		6AA356FC244B6FCA00160617 /* Post.swift in Sources */ = {isa = PBXBuildFile; fileRef = 6AA356FB244B6FCA00160617 /* Post.swift */; };
		6AA356FE244B6FD700160617 /* Get.swift in Sources */ = {isa = PBXBuildFile; fileRef = 6AA356FD244B6FD700160617 /* Get.swift */; };
		6AA35707244B73A800160617 /* Customer.swift in Sources */ = {isa = PBXBuildFile; fileRef = 6AA35706244B73A800160617 /* Customer.swift */; };
		6AA3570B244B742A00160617 /* AssetCategory.swift in Sources */ = {isa = PBXBuildFile; fileRef = 6AA3570A244B742A00160617 /* AssetCategory.swift */; };
		6AA3570D244B75D400160617 /* Asset.swift in Sources */ = {isa = PBXBuildFile; fileRef = 6AA3570C244B75D400160617 /* Asset.swift */; };
		6AA35715244B778000160617 /* FutureContract.swift in Sources */ = {isa = PBXBuildFile; fileRef = 6AA35714244B778000160617 /* FutureContract.swift */; };
		6AA35717244B78BE00160617 /* SideType.swift in Sources */ = {isa = PBXBuildFile; fileRef = 6AA35716244B78BE00160617 /* SideType.swift */; };
		6AA35719244B79D900160617 /* Portfolio.swift in Sources */ = {isa = PBXBuildFile; fileRef = 6AA35718244B79D900160617 /* Portfolio.swift */; };
		6AA3571D244B7AD800160617 /* AuthService.swift in Sources */ = {isa = PBXBuildFile; fileRef = 6AA3571C244B7AD800160617 /* AuthService.swift */; };
		6AA35720244B7D9800160617 /* HttpPersonService.swift in Sources */ = {isa = PBXBuildFile; fileRef = 6AA3571F244B7D9800160617 /* HttpPersonService.swift */; };
		6AA35722244B80D500160617 /* HttpRequester.swift in Sources */ = {isa = PBXBuildFile; fileRef = 6AA35721244B80D500160617 /* HttpRequester.swift */; };
		6AA35724244B816000160617 /* HttpMethodFactory.swift in Sources */ = {isa = PBXBuildFile; fileRef = 6AA35723244B816000160617 /* HttpMethodFactory.swift */; };
		6AA357272453A03100160617 /* PortfolioViewController.swift in Sources */ = {isa = PBXBuildFile; fileRef = 6AA357262453A03100160617 /* PortfolioViewController.swift */; };
		6AA5EAFD243C243B005D7043 /* AppHttpClient.swift in Sources */ = {isa = PBXBuildFile; fileRef = 6AA5EAFC243C243B005D7043 /* AppHttpClient.swift */; };
/* End PBXBuildFile section */

/* Begin PBXContainerItemProxy section */
		6A0F7AE3242EB785006FF5EB /* PBXContainerItemProxy */ = {
			isa = PBXContainerItemProxy;
			containerPortal = 6A0F7AC4242EB782006FF5EB /* Project object */;
			proxyType = 1;
			remoteGlobalIDString = 6A0F7ACB242EB782006FF5EB;
			remoteInfo = MyApp;
		};
		6A0F7AEE242EB785006FF5EB /* PBXContainerItemProxy */ = {
			isa = PBXContainerItemProxy;
			containerPortal = 6A0F7AC4242EB782006FF5EB /* Project object */;
			proxyType = 1;
			remoteGlobalIDString = 6A0F7ACB242EB782006FF5EB;
			remoteInfo = MyApp;
		};
/* End PBXContainerItemProxy section */

/* Begin PBXCopyFilesBuildPhase section */
		6AA356E6244A74DB00160617 /* CopyFiles */ = {
			isa = PBXCopyFilesBuildPhase;
			buildActionMask = 2147483647;
			dstPath = "";
			dstSubfolderSpec = 7;
			files = (
				6AA356E8244A75B700160617 /* Person.json in CopyFiles */,
			);
			runOnlyForDeploymentPostprocessing = 0;
		};
/* End PBXCopyFilesBuildPhase section */

/* Begin PBXFileReference section */
		6A0F7ACC242EB782006FF5EB /* MyApp.app */ = {isa = PBXFileReference; explicitFileType = wrapper.application; includeInIndex = 0; path = MyApp.app; sourceTree = BUILT_PRODUCTS_DIR; };
		6A0F7ACF242EB783006FF5EB /* AppDelegate.swift */ = {isa = PBXFileReference; lastKnownFileType = sourcecode.swift; path = AppDelegate.swift; sourceTree = "<group>"; };
		6A0F7AD1242EB783006FF5EB /* SceneDelegate.swift */ = {isa = PBXFileReference; lastKnownFileType = sourcecode.swift; path = SceneDelegate.swift; sourceTree = "<group>"; };
		6A0F7AD3242EB783006FF5EB /* ViewController.swift */ = {isa = PBXFileReference; lastKnownFileType = sourcecode.swift; path = ViewController.swift; sourceTree = "<group>"; };
		6A0F7AD6242EB783006FF5EB /* Base */ = {isa = PBXFileReference; lastKnownFileType = file.storyboard; name = Base; path = Base.lproj/Main.storyboard; sourceTree = "<group>"; };
		6A0F7AD8242EB785006FF5EB /* Assets.xcassets */ = {isa = PBXFileReference; lastKnownFileType = folder.assetcatalog; path = Assets.xcassets; sourceTree = "<group>"; };
		6A0F7ADB242EB785006FF5EB /* Base */ = {isa = PBXFileReference; lastKnownFileType = file.storyboard; name = Base; path = Base.lproj/LaunchScreen.storyboard; sourceTree = "<group>"; };
		6A0F7ADD242EB785006FF5EB /* Info.plist */ = {isa = PBXFileReference; lastKnownFileType = text.plist.xml; path = Info.plist; sourceTree = "<group>"; };
		6A0F7AE2242EB785006FF5EB /* MyAppTests.xctest */ = {isa = PBXFileReference; explicitFileType = wrapper.cfbundle; includeInIndex = 0; path = MyAppTests.xctest; sourceTree = BUILT_PRODUCTS_DIR; };
		6A0F7AE6242EB785006FF5EB /* MyAppTests.swift */ = {isa = PBXFileReference; lastKnownFileType = sourcecode.swift; path = MyAppTests.swift; sourceTree = "<group>"; };
		6A0F7AE8242EB785006FF5EB /* Info.plist */ = {isa = PBXFileReference; lastKnownFileType = text.plist.xml; path = Info.plist; sourceTree = "<group>"; };
		6A0F7AED242EB785006FF5EB /* MyAppUITests.xctest */ = {isa = PBXFileReference; explicitFileType = wrapper.cfbundle; includeInIndex = 0; path = MyAppUITests.xctest; sourceTree = BUILT_PRODUCTS_DIR; };
		6A0F7AF1242EB785006FF5EB /* MyAppUITests.swift */ = {isa = PBXFileReference; lastKnownFileType = sourcecode.swift; path = MyAppUITests.swift; sourceTree = "<group>"; };
		6A0F7AF3242EB785006FF5EB /* Info.plist */ = {isa = PBXFileReference; lastKnownFileType = text.plist.xml; path = Info.plist; sourceTree = "<group>"; };
		6AA356E4244A730800160617 /* Person.swift */ = {isa = PBXFileReference; lastKnownFileType = sourcecode.swift; path = Person.swift; sourceTree = "<group>"; };
		6AA356E7244A75B700160617 /* Person.json */ = {isa = PBXFileReference; lastKnownFileType = text.json; name = Person.json; path = ../../../Desktop/Person.json; sourceTree = "<group>"; };
		6AA356EC244B678800160617 /* HttpMethodTypes.swift */ = {isa = PBXFileReference; lastKnownFileType = sourcecode.swift; path = HttpMethodTypes.swift; sourceTree = "<group>"; };
		6AA356EE244B691000160617 /* HttpMessageType.swift */ = {isa = PBXFileReference; lastKnownFileType = sourcecode.swift; path = HttpMessageType.swift; sourceTree = "<group>"; };
		6AA356F0244B697F00160617 /* HttpMessage.swift */ = {isa = PBXFileReference; lastKnownFileType = sourcecode.swift; path = HttpMessage.swift; sourceTree = "<group>"; };
		6AA356F2244B6A7200160617 /* HttpRequest.swift */ = {isa = PBXFileReference; lastKnownFileType = sourcecode.swift; path = HttpRequest.swift; sourceTree = "<group>"; };
		6AA356F4244B6A8700160617 /* HttpResponse.swift */ = {isa = PBXFileReference; lastKnownFileType = sourcecode.swift; path = HttpResponse.swift; sourceTree = "<group>"; };
		6AA356F8244B6E0E00160617 /* HttpMethod.swift */ = {isa = PBXFileReference; lastKnownFileType = sourcecode.swift; path = HttpMethod.swift; sourceTree = "<group>"; };
		6AA356FB244B6FCA00160617 /* Post.swift */ = {isa = PBXFileReference; lastKnownFileType = sourcecode.swift; path = Post.swift; sourceTree = "<group>"; };
		6AA356FD244B6FD700160617 /* Get.swift */ = {isa = PBXFileReference; lastKnownFileType = sourcecode.swift; path = Get.swift; sourceTree = "<group>"; };
		6AA35706244B73A800160617 /* Customer.swift */ = {isa = PBXFileReference; lastKnownFileType = sourcecode.swift; path = Customer.swift; sourceTree = "<group>"; };
		6AA3570A244B742A00160617 /* AssetCategory.swift */ = {isa = PBXFileReference; lastKnownFileType = sourcecode.swift; path = AssetCategory.swift; sourceTree = "<group>"; };
		6AA3570C244B75D400160617 /* Asset.swift */ = {isa = PBXFileReference; lastKnownFileType = sourcecode.swift; path = Asset.swift; sourceTree = "<group>"; };
		6AA35714244B778000160617 /* FutureContract.swift */ = {isa = PBXFileReference; lastKnownFileType = sourcecode.swift; path = FutureContract.swift; sourceTree = "<group>"; };
		6AA35716244B78BE00160617 /* SideType.swift */ = {isa = PBXFileReference; lastKnownFileType = sourcecode.swift; path = SideType.swift; sourceTree = "<group>"; };
		6AA35718244B79D900160617 /* Portfolio.swift */ = {isa = PBXFileReference; lastKnownFileType = sourcecode.swift; path = Portfolio.swift; sourceTree = "<group>"; };
		6AA3571C244B7AD800160617 /* AuthService.swift */ = {isa = PBXFileReference; lastKnownFileType = sourcecode.swift; path = AuthService.swift; sourceTree = "<group>"; };
		6AA3571F244B7D9800160617 /* HttpPersonService.swift */ = {isa = PBXFileReference; lastKnownFileType = sourcecode.swift; path = HttpPersonService.swift; sourceTree = "<group>"; };
		6AA35721244B80D500160617 /* HttpRequester.swift */ = {isa = PBXFileReference; lastKnownFileType = sourcecode.swift; path = HttpRequester.swift; sourceTree = "<group>"; };
		6AA35723244B816000160617 /* HttpMethodFactory.swift */ = {isa = PBXFileReference; lastKnownFileType = sourcecode.swift; path = HttpMethodFactory.swift; sourceTree = "<group>"; };
		6AA357262453A03100160617 /* PortfolioViewController.swift */ = {isa = PBXFileReference; lastKnownFileType = sourcecode.swift; path = PortfolioViewController.swift; sourceTree = "<group>"; };
		6AA5EAFC243C243B005D7043 /* AppHttpClient.swift */ = {isa = PBXFileReference; lastKnownFileType = sourcecode.swift; path = AppHttpClient.swift; sourceTree = "<group>"; };
/* End PBXFileReference section */

/* Begin PBXFrameworksBuildPhase section */
		6A0F7AC9242EB782006FF5EB /* Frameworks */ = {
			isa = PBXFrameworksBuildPhase;
			buildActionMask = 2147483647;
			files = (
			);
			runOnlyForDeploymentPostprocessing = 0;
		};
		6A0F7ADF242EB785006FF5EB /* Frameworks */ = {
			isa = PBXFrameworksBuildPhase;
			buildActionMask = 2147483647;
			files = (
			);
			runOnlyForDeploymentPostprocessing = 0;
		};
		6A0F7AEA242EB785006FF5EB /* Frameworks */ = {
			isa = PBXFrameworksBuildPhase;
			buildActionMask = 2147483647;
			files = (
			);
			runOnlyForDeploymentPostprocessing = 0;
		};
/* End PBXFrameworksBuildPhase section */

/* Begin PBXGroup section */
		6A0F7AC3242EB782006FF5EB = {
			isa = PBXGroup;
			children = (
				6AA356E7244A75B700160617 /* Person.json */,
				6A0F7ACE242EB782006FF5EB /* MyApp */,
				6A0F7AE5242EB785006FF5EB /* MyAppTests */,
				6A0F7AF0242EB785006FF5EB /* MyAppUITests */,
				6A0F7ACD242EB782006FF5EB /* Products */,
			);
			sourceTree = "<group>";
		};
		6A0F7ACD242EB782006FF5EB /* Products */ = {
			isa = PBXGroup;
			children = (
				6A0F7ACC242EB782006FF5EB /* MyApp.app */,
				6A0F7AE2242EB785006FF5EB /* MyAppTests.xctest */,
				6A0F7AED242EB785006FF5EB /* MyAppUITests.xctest */,
			);
			name = Products;
			sourceTree = "<group>";
		};
		6A0F7ACE242EB782006FF5EB /* MyApp */ = {
			isa = PBXGroup;
			children = (
				6AA3572524539FEE00160617 /* Controller */,
				6AA356E2244A72A300160617 /* Model */,
				6A0F7ACF242EB783006FF5EB /* AppDelegate.swift */,
				6A0F7AD1242EB783006FF5EB /* SceneDelegate.swift */,
				6A0F7AD5242EB783006FF5EB /* Main.storyboard */,
				6A0F7AD8242EB785006FF5EB /* Assets.xcassets */,
				6A0F7ADA242EB785006FF5EB /* LaunchScreen.storyboard */,
				6A0F7ADD242EB785006FF5EB /* Info.plist */,
			);
			path = MyApp;
			sourceTree = "<group>";
		};
		6A0F7AE5242EB785006FF5EB /* MyAppTests */ = {
			isa = PBXGroup;
			children = (
				6A0F7AE6242EB785006FF5EB /* MyAppTests.swift */,
				6A0F7AE8242EB785006FF5EB /* Info.plist */,
			);
			path = MyAppTests;
			sourceTree = "<group>";
		};
		6A0F7AF0242EB785006FF5EB /* MyAppUITests */ = {
			isa = PBXGroup;
			children = (
				6A0F7AF1242EB785006FF5EB /* MyAppUITests.swift */,
				6A0F7AF3242EB785006FF5EB /* Info.plist */,
			);
			path = MyAppUITests;
			sourceTree = "<group>";
		};
		6AA356E2244A72A300160617 /* Model */ = {
			isa = PBXGroup;
			children = (
				6AA356FF244B728A00160617 /* Services */,
				6AA356E3244A72BD00160617 /* Entities */,
				6AA5EAFB243C2399005D7043 /* Web */,
			);
			path = Model;
			sourceTree = "<group>";
		};
		6AA356E3244A72BD00160617 /* Entities */ = {
			isa = PBXGroup;
			children = (
				6AA356E4244A730800160617 /* Person.swift */,
			);
			path = Entities;
			sourceTree = "<group>";
		};
		6AA356EA244B665400160617 /* Types */ = {
			isa = PBXGroup;
			children = (
				6AA356EC244B678800160617 /* HttpMethodTypes.swift */,
				6AA356EE244B691000160617 /* HttpMessageType.swift */,
			);
			path = Types;
			sourceTree = "<group>";
		};
		6AA356EB244B667400160617 /* Entities */ = {
			isa = PBXGroup;
			children = (
				6AA356F0244B697F00160617 /* HttpMessage.swift */,
				6AA356F2244B6A7200160617 /* HttpRequest.swift */,
				6AA356F4244B6A8700160617 /* HttpResponse.swift */,
			);
			path = Entities;
			sourceTree = "<group>";
		};
		6AA356F6244B6C7A00160617 /* Factory */ = {
			isa = PBXGroup;
			children = (
				6AA35723244B816000160617 /* HttpMethodFactory.swift */,
			);
			path = Factory;
			sourceTree = "<group>";
		};
		6AA356F7244B6C8300160617 /* Protocols */ = {
			isa = PBXGroup;
			children = (
				6AA356F8244B6E0E00160617 /* HttpMethod.swift */,
			);
			path = Protocols;
			sourceTree = "<group>";
		};
		6AA356FA244B6FA200160617 /* HttpMethods */ = {
			isa = PBXGroup;
			children = (
				6AA356FB244B6FCA00160617 /* Post.swift */,
				6AA356FD244B6FD700160617 /* Get.swift */,
			);
			path = HttpMethods;
			sourceTree = "<group>";
		};
		6AA356FF244B728A00160617 /* Services */ = {
			isa = PBXGroup;
			children = (
				6AA3571B244B7AC200160617 /* Authenticator */,
				6AA35703244B72D000160617 /* OpenBanking */,
				6AA35702244B72C000160617 /* Portfolio */,
				6AA35701244B72B200160617 /* Assets */,
				6AA35700244B72A200160617 /* Customer */,
			);
			path = Services;
			sourceTree = "<group>";
		};
		6AA35700244B72A200160617 /* Customer */ = {
			isa = PBXGroup;
			children = (
				6AA35705244B730D00160617 /* Types */,
				6AA35704244B730400160617 /* Entities */,
			);
			path = Customer;
			sourceTree = "<group>";
		};
		6AA35701244B72B200160617 /* Assets */ = {
			isa = PBXGroup;
			children = (
				6AA35709244B741A00160617 /* Types */,
				6AA35708244B741000160617 /* Entities */,
			);
			path = Assets;
			sourceTree = "<group>";
		};
		6AA35702244B72C000160617 /* Portfolio */ = {
			isa = PBXGroup;
			children = (
				6AA35718244B79D900160617 /* Portfolio.swift */,
			);
			path = Portfolio;
			sourceTree = "<group>";
		};
		6AA35703244B72D000160617 /* OpenBanking */ = {
			isa = PBXGroup;
			children = (
			);
			path = OpenBanking;
			sourceTree = "<group>";
		};
		6AA35704244B730400160617 /* Entities */ = {
			isa = PBXGroup;
			children = (
				6AA35706244B73A800160617 /* Customer.swift */,
			);
			path = Entities;
			sourceTree = "<group>";
		};
		6AA35705244B730D00160617 /* Types */ = {
			isa = PBXGroup;
			children = (
			);
			path = Types;
			sourceTree = "<group>";
		};
		6AA35708244B741000160617 /* Entities */ = {
			isa = PBXGroup;
			children = (
				6AA35711244B770000160617 /* TreasureBonds */,
				6AA35712244B770F00160617 /* PrivateBonds */,
				6AA3570F244B76E300160617 /* Otc */,
				6AA35710244B76F700160617 /* Listed */,
				6AA3570C244B75D400160617 /* Asset.swift */,
			);
			path = Entities;
			sourceTree = "<group>";
		};
		6AA35709244B741A00160617 /* Types */ = {
			isa = PBXGroup;
			children = (
				6AA3570A244B742A00160617 /* AssetCategory.swift */,
				6AA35716244B78BE00160617 /* SideType.swift */,
			);
			path = Types;
			sourceTree = "<group>";
		};
		6AA3570E244B76DC00160617 /* Derivatives */ = {
			isa = PBXGroup;
			children = (
			);
			path = Derivatives;
			sourceTree = "<group>";
		};
		6AA3570F244B76E300160617 /* Otc */ = {
			isa = PBXGroup;
			children = (
				6AA3570E244B76DC00160617 /* Derivatives */,
			);
			path = Otc;
			sourceTree = "<group>";
		};
		6AA35710244B76F700160617 /* Listed */ = {
			isa = PBXGroup;
			children = (
				6AA35714244B778000160617 /* FutureContract.swift */,
			);
			path = Listed;
			sourceTree = "<group>";
		};
		6AA35711244B770000160617 /* TreasureBonds */ = {
			isa = PBXGroup;
			children = (
			);
			path = TreasureBonds;
			sourceTree = "<group>";
		};
		6AA35712244B770F00160617 /* PrivateBonds */ = {
			isa = PBXGroup;
			children = (
			);
			path = PrivateBonds;
			sourceTree = "<group>";
		};
		6AA3571B244B7AC200160617 /* Authenticator */ = {
			isa = PBXGroup;
			children = (
				6AA3571C244B7AD800160617 /* AuthService.swift */,
			);
			path = Authenticator;
			sourceTree = "<group>";
		};
		6AA3571E244B7D7600160617 /* HttpServices */ = {
			isa = PBXGroup;
			children = (
				6AA3571F244B7D9800160617 /* HttpPersonService.swift */,
				6AA35721244B80D500160617 /* HttpRequester.swift */,
			);
			path = HttpServices;
			sourceTree = "<group>";
		};
		6AA3572524539FEE00160617 /* Controller */ = {
			isa = PBXGroup;
			children = (
				6AA357262453A03100160617 /* PortfolioViewController.swift */,
				6A0F7AD3242EB783006FF5EB /* ViewController.swift */,
			);
			path = Controller;
			sourceTree = "<group>";
		};
		6AA5EAFB243C2399005D7043 /* Web */ = {
			isa = PBXGroup;
			children = (
				6AA3571E244B7D7600160617 /* HttpServices */,
				6AA356FA244B6FA200160617 /* HttpMethods */,
				6AA356F7244B6C8300160617 /* Protocols */,
				6AA356F6244B6C7A00160617 /* Factory */,
				6AA356EB244B667400160617 /* Entities */,
				6AA356EA244B665400160617 /* Types */,
				6AA5EAFC243C243B005D7043 /* AppHttpClient.swift */,
			);
			path = Web;
			sourceTree = "<group>";
		};
/* End PBXGroup section */

/* Begin PBXNativeTarget section */
		6A0F7ACB242EB782006FF5EB /* MyApp */ = {
			isa = PBXNativeTarget;
			buildConfigurationList = 6A0F7AF6242EB785006FF5EB /* Build configuration list for PBXNativeTarget "MyApp" */;
			buildPhases = (
				6A0F7AC8242EB782006FF5EB /* Sources */,
				6A0F7AC9242EB782006FF5EB /* Frameworks */,
				6A0F7ACA242EB782006FF5EB /* Resources */,
				6AA356E6244A74DB00160617 /* CopyFiles */,
			);
			buildRules = (
			);
			dependencies = (
			);
			name = MyApp;
			productName = MyApp;
			productReference = 6A0F7ACC242EB782006FF5EB /* MyApp.app */;
			productType = "com.apple.product-type.application";
		};
		6A0F7AE1242EB785006FF5EB /* MyAppTests */ = {
			isa = PBXNativeTarget;
			buildConfigurationList = 6A0F7AF9242EB785006FF5EB /* Build configuration list for PBXNativeTarget "MyAppTests" */;
			buildPhases = (
				6A0F7ADE242EB785006FF5EB /* Sources */,
				6A0F7ADF242EB785006FF5EB /* Frameworks */,
				6A0F7AE0242EB785006FF5EB /* Resources */,
			);
			buildRules = (
			);
			dependencies = (
				6A0F7AE4242EB785006FF5EB /* PBXTargetDependency */,
			);
			name = MyAppTests;
			productName = MyAppTests;
			productReference = 6A0F7AE2242EB785006FF5EB /* MyAppTests.xctest */;
			productType = "com.apple.product-type.bundle.unit-test";
		};
		6A0F7AEC242EB785006FF5EB /* MyAppUITests */ = {
			isa = PBXNativeTarget;
			buildConfigurationList = 6A0F7AFC242EB785006FF5EB /* Build configuration list for PBXNativeTarget "MyAppUITests" */;
			buildPhases = (
				6A0F7AE9242EB785006FF5EB /* Sources */,
				6A0F7AEA242EB785006FF5EB /* Frameworks */,
				6A0F7AEB242EB785006FF5EB /* Resources */,
			);
			buildRules = (
			);
			dependencies = (
				6A0F7AEF242EB785006FF5EB /* PBXTargetDependency */,
			);
			name = MyAppUITests;
			productName = MyAppUITests;
			productReference = 6A0F7AED242EB785006FF5EB /* MyAppUITests.xctest */;
			productType = "com.apple.product-type.bundle.ui-testing";
		};
/* End PBXNativeTarget section */

/* Begin PBXProject section */
		6A0F7AC4242EB782006FF5EB /* Project object */ = {
			isa = PBXProject;
			attributes = {
				LastSwiftUpdateCheck = 1130;
				LastUpgradeCheck = 1130;
				ORGANIZATIONNAME = "Christopher Tanaka";
				TargetAttributes = {
					6A0F7ACB242EB782006FF5EB = {
						CreatedOnToolsVersion = 11.3.1;
					};
					6A0F7AE1242EB785006FF5EB = {
						CreatedOnToolsVersion = 11.3.1;
						TestTargetID = 6A0F7ACB242EB782006FF5EB;
					};
					6A0F7AEC242EB785006FF5EB = {
						CreatedOnToolsVersion = 11.3.1;
						TestTargetID = 6A0F7ACB242EB782006FF5EB;
					};
				};
			};
			buildConfigurationList = 6A0F7AC7242EB782006FF5EB /* Build configuration list for PBXProject "MyApp" */;
			compatibilityVersion = "Xcode 9.3";
			developmentRegion = en;
			hasScannedForEncodings = 0;
			knownRegions = (
				en,
				Base,
			);
			mainGroup = 6A0F7AC3242EB782006FF5EB;
			productRefGroup = 6A0F7ACD242EB782006FF5EB /* Products */;
			projectDirPath = "";
			projectRoot = "";
			targets = (
				6A0F7ACB242EB782006FF5EB /* MyApp */,
				6A0F7AE1242EB785006FF5EB /* MyAppTests */,
				6A0F7AEC242EB785006FF5EB /* MyAppUITests */,
			);
		};
/* End PBXProject section */

/* Begin PBXResourcesBuildPhase section */
		6A0F7ACA242EB782006FF5EB /* Resources */ = {
			isa = PBXResourcesBuildPhase;
			buildActionMask = 2147483647;
			files = (
				6A0F7ADC242EB785006FF5EB /* LaunchScreen.storyboard in Resources */,
				6A0F7AD9242EB785006FF5EB /* Assets.xcassets in Resources */,
				6A0F7AD7242EB783006FF5EB /* Main.storyboard in Resources */,
			);
			runOnlyForDeploymentPostprocessing = 0;
		};
		6A0F7AE0242EB785006FF5EB /* Resources */ = {
			isa = PBXResourcesBuildPhase;
			buildActionMask = 2147483647;
			files = (
			);
			runOnlyForDeploymentPostprocessing = 0;
		};
		6A0F7AEB242EB785006FF5EB /* Resources */ = {
			isa = PBXResourcesBuildPhase;
			buildActionMask = 2147483647;
			files = (
			);
			runOnlyForDeploymentPostprocessing = 0;
		};
/* End PBXResourcesBuildPhase section */

/* Begin PBXSourcesBuildPhase section */
		6A0F7AC8242EB782006FF5EB /* Sources */ = {
			isa = PBXSourcesBuildPhase;
			buildActionMask = 2147483647;
			files = (
				6AA356F5244B6A8700160617 /* HttpResponse.swift in Sources */,
				6AA35707244B73A800160617 /* Customer.swift in Sources */,
				6AA356E5244A730800160617 /* Person.swift in Sources */,
				6AA356F1244B697F00160617 /* HttpMessage.swift in Sources */,
				6AA35715244B778000160617 /* FutureContract.swift in Sources */,
				6AA356FC244B6FCA00160617 /* Post.swift in Sources */,
				6AA35722244B80D500160617 /* HttpRequester.swift in Sources */,
				6AA35724244B816000160617 /* HttpMethodFactory.swift in Sources */,
				6A0F7AD4242EB783006FF5EB /* ViewController.swift in Sources */,
				6AA3571D244B7AD800160617 /* AuthService.swift in Sources */,
				6AA3570D244B75D400160617 /* Asset.swift in Sources */,
				6AA356F9244B6E0E00160617 /* HttpMethod.swift in Sources */,
				6AA356EF244B691000160617 /* HttpMessageType.swift in Sources */,
				6AA357272453A03100160617 /* PortfolioViewController.swift in Sources */,
				6AA35717244B78BE00160617 /* SideType.swift in Sources */,
				6AA35720244B7D9800160617 /* HttpPersonService.swift in Sources */,
				6A0F7AD0242EB783006FF5EB /* AppDelegate.swift in Sources */,
				6AA35719244B79D900160617 /* Portfolio.swift in Sources */,
				6AA356F3244B6A7200160617 /* HttpRequest.swift in Sources */,
				6AA3570B244B742A00160617 /* AssetCategory.swift in Sources */,
				6AA356FE244B6FD700160617 /* Get.swift in Sources */,
				6AA5EAFD243C243B005D7043 /* AppHttpClient.swift in Sources */,
				6AA356ED244B678800160617 /* HttpMethodTypes.swift in Sources */,
				6A0F7AD2242EB783006FF5EB /* SceneDelegate.swift in Sources */,
			);
			runOnlyForDeploymentPostprocessing = 0;
		};
		6A0F7ADE242EB785006FF5EB /* Sources */ = {
			isa = PBXSourcesBuildPhase;
			buildActionMask = 2147483647;
			files = (
				6A0F7AE7242EB785006FF5EB /* MyAppTests.swift in Sources */,
			);
			runOnlyForDeploymentPostprocessing = 0;
		};
		6A0F7AE9242EB785006FF5EB /* Sources */ = {
			isa = PBXSourcesBuildPhase;
			buildActionMask = 2147483647;
			files = (
				6A0F7AF2242EB785006FF5EB /* MyAppUITests.swift in Sources */,
			);
			runOnlyForDeploymentPostprocessing = 0;
		};
/* End PBXSourcesBuildPhase section */

/* Begin PBXTargetDependency section */
		6A0F7AE4242EB785006FF5EB /* PBXTargetDependency */ = {
			isa = PBXTargetDependency;
			target = 6A0F7ACB242EB782006FF5EB /* MyApp */;
			targetProxy = 6A0F7AE3242EB785006FF5EB /* PBXContainerItemProxy */;
		};
		6A0F7AEF242EB785006FF5EB /* PBXTargetDependency */ = {
			isa = PBXTargetDependency;
			target = 6A0F7ACB242EB782006FF5EB /* MyApp */;
			targetProxy = 6A0F7AEE242EB785006FF5EB /* PBXContainerItemProxy */;
		};
/* End PBXTargetDependency section */

/* Begin PBXVariantGroup section */
		6A0F7AD5242EB783006FF5EB /* Main.storyboard */ = {
			isa = PBXVariantGroup;
			children = (
				6A0F7AD6242EB783006FF5EB /* Base */,
			);
			name = Main.storyboard;
			sourceTree = "<group>";
		};
		6A0F7ADA242EB785006FF5EB /* LaunchScreen.storyboard */ = {
			isa = PBXVariantGroup;
			children = (
				6A0F7ADB242EB785006FF5EB /* Base */,
			);
			name = LaunchScreen.storyboard;
			sourceTree = "<group>";
		};
/* End PBXVariantGroup section */

/* Begin XCBuildConfiguration section */
		6A0F7AF4242EB785006FF5EB /* Debug */ = {
			isa = XCBuildConfiguration;
			buildSettings = {
				ALWAYS_SEARCH_USER_PATHS = NO;
				CLANG_ANALYZER_NONNULL = YES;
				CLANG_ANALYZER_NUMBER_OBJECT_CONVERSION = YES_AGGRESSIVE;
				CLANG_CXX_LANGUAGE_STANDARD = "gnu++14";
				CLANG_CXX_LIBRARY = "libc++";
				CLANG_ENABLE_MODULES = YES;
				CLANG_ENABLE_OBJC_ARC = YES;
				CLANG_ENABLE_OBJC_WEAK = YES;
				CLANG_WARN_BLOCK_CAPTURE_AUTORELEASING = YES;
				CLANG_WARN_BOOL_CONVERSION = YES;
				CLANG_WARN_COMMA = YES;
				CLANG_WARN_CONSTANT_CONVERSION = YES;
				CLANG_WARN_DEPRECATED_OBJC_IMPLEMENTATIONS = YES;
				CLANG_WARN_DIRECT_OBJC_ISA_USAGE = YES_ERROR;
				CLANG_WARN_DOCUMENTATION_COMMENTS = YES;
				CLANG_WARN_EMPTY_BODY = YES;
				CLANG_WARN_ENUM_CONVERSION = YES;
				CLANG_WARN_INFINITE_RECURSION = YES;
				CLANG_WARN_INT_CONVERSION = YES;
				CLANG_WARN_NON_LITERAL_NULL_CONVERSION = YES;
				CLANG_WARN_OBJC_IMPLICIT_RETAIN_SELF = YES;
				CLANG_WARN_OBJC_LITERAL_CONVERSION = YES;
				CLANG_WARN_OBJC_ROOT_CLASS = YES_ERROR;
				CLANG_WARN_RANGE_LOOP_ANALYSIS = YES;
				CLANG_WARN_STRICT_PROTOTYPES = YES;
				CLANG_WARN_SUSPICIOUS_MOVE = YES;
				CLANG_WARN_UNGUARDED_AVAILABILITY = YES_AGGRESSIVE;
				CLANG_WARN_UNREACHABLE_CODE = YES;
				CLANG_WARN__DUPLICATE_METHOD_MATCH = YES;
				COPY_PHASE_STRIP = NO;
				DEBUG_INFORMATION_FORMAT = dwarf;
				ENABLE_STRICT_OBJC_MSGSEND = YES;
				ENABLE_TESTABILITY = YES;
				GCC_C_LANGUAGE_STANDARD = gnu11;
				GCC_DYNAMIC_NO_PIC = NO;
				GCC_NO_COMMON_BLOCKS = YES;
				GCC_OPTIMIZATION_LEVEL = 0;
				GCC_PREPROCESSOR_DEFINITIONS = (
					"DEBUG=1",
					"$(inherited)",
				);
				GCC_WARN_64_TO_32_BIT_CONVERSION = YES;
				GCC_WARN_ABOUT_RETURN_TYPE = YES_ERROR;
				GCC_WARN_UNDECLARED_SELECTOR = YES;
				GCC_WARN_UNINITIALIZED_AUTOS = YES_AGGRESSIVE;
				GCC_WARN_UNUSED_FUNCTION = YES;
				GCC_WARN_UNUSED_VARIABLE = YES;
				IPHONEOS_DEPLOYMENT_TARGET = 13.2;
				MTL_ENABLE_DEBUG_INFO = INCLUDE_SOURCE;
				MTL_FAST_MATH = YES;
				ONLY_ACTIVE_ARCH = YES;
				SDKROOT = iphoneos;
				SWIFT_ACTIVE_COMPILATION_CONDITIONS = DEBUG;
				SWIFT_OPTIMIZATION_LEVEL = "-Onone";
			};
			name = Debug;
		};
		6A0F7AF5242EB785006FF5EB /* Release */ = {
			isa = XCBuildConfiguration;
			buildSettings = {
				ALWAYS_SEARCH_USER_PATHS = NO;
				CLANG_ANALYZER_NONNULL = YES;
				CLANG_ANALYZER_NUMBER_OBJECT_CONVERSION = YES_AGGRESSIVE;
				CLANG_CXX_LANGUAGE_STANDARD = "gnu++14";
				CLANG_CXX_LIBRARY = "libc++";
				CLANG_ENABLE_MODULES = YES;
				CLANG_ENABLE_OBJC_ARC = YES;
				CLANG_ENABLE_OBJC_WEAK = YES;
				CLANG_WARN_BLOCK_CAPTURE_AUTORELEASING = YES;
				CLANG_WARN_BOOL_CONVERSION = YES;
				CLANG_WARN_COMMA = YES;
				CLANG_WARN_CONSTANT_CONVERSION = YES;
				CLANG_WARN_DEPRECATED_OBJC_IMPLEMENTATIONS = YES;
				CLANG_WARN_DIRECT_OBJC_ISA_USAGE = YES_ERROR;
				CLANG_WARN_DOCUMENTATION_COMMENTS = YES;
				CLANG_WARN_EMPTY_BODY = YES;
				CLANG_WARN_ENUM_CONVERSION = YES;
				CLANG_WARN_INFINITE_RECURSION = YES;
				CLANG_WARN_INT_CONVERSION = YES;
				CLANG_WARN_NON_LITERAL_NULL_CONVERSION = YES;
				CLANG_WARN_OBJC_IMPLICIT_RETAIN_SELF = YES;
				CLANG_WARN_OBJC_LITERAL_CONVERSION = YES;
				CLANG_WARN_OBJC_ROOT_CLASS = YES_ERROR;
				CLANG_WARN_RANGE_LOOP_ANALYSIS = YES;
				CLANG_WARN_STRICT_PROTOTYPES = YES;
				CLANG_WARN_SUSPICIOUS_MOVE = YES;
				CLANG_WARN_UNGUARDED_AVAILABILITY = YES_AGGRESSIVE;
				CLANG_WARN_UNREACHABLE_CODE = YES;
				CLANG_WARN__DUPLICATE_METHOD_MATCH = YES;
				COPY_PHASE_STRIP = NO;
				DEBUG_INFORMATION_FORMAT = "dwarf-with-dsym";
				ENABLE_NS_ASSERTIONS = NO;
				ENABLE_STRICT_OBJC_MSGSEND = YES;
				GCC_C_LANGUAGE_STANDARD = gnu11;
				GCC_NO_COMMON_BLOCKS = YES;
				GCC_WARN_64_TO_32_BIT_CONVERSION = YES;
				GCC_WARN_ABOUT_RETURN_TYPE = YES_ERROR;
				GCC_WARN_UNDECLARED_SELECTOR = YES;
				GCC_WARN_UNINITIALIZED_AUTOS = YES_AGGRESSIVE;
				GCC_WARN_UNUSED_FUNCTION = YES;
				GCC_WARN_UNUSED_VARIABLE = YES;
				IPHONEOS_DEPLOYMENT_TARGET = 13.2;
				MTL_ENABLE_DEBUG_INFO = NO;
				MTL_FAST_MATH = YES;
				SDKROOT = iphoneos;
				SWIFT_COMPILATION_MODE = wholemodule;
				SWIFT_OPTIMIZATION_LEVEL = "-O";
				VALIDATE_PRODUCT = YES;
			};
			name = Release;
		};
		6A0F7AF7242EB785006FF5EB /* Debug */ = {
			isa = XCBuildConfiguration;
			buildSettings = {
				ASSETCATALOG_COMPILER_APPICON_NAME = AppIcon;
				CODE_SIGN_STYLE = Automatic;
				INFOPLIST_FILE = MyApp/Info.plist;
				LD_RUNPATH_SEARCH_PATHS = (
					"$(inherited)",
					"@executable_path/Frameworks",
				);
				PRODUCT_BUNDLE_IDENTIFIER = ctanaka.MyApp;
				PRODUCT_NAME = "$(TARGET_NAME)";
				SWIFT_VERSION = 5.0;
				TARGETED_DEVICE_FAMILY = "1,2";
			};
			name = Debug;
		};
		6A0F7AF8242EB785006FF5EB /* Release */ = {
			isa = XCBuildConfiguration;
			buildSettings = {
				ASSETCATALOG_COMPILER_APPICON_NAME = AppIcon;
				CODE_SIGN_STYLE = Automatic;
				INFOPLIST_FILE = MyApp/Info.plist;
				LD_RUNPATH_SEARCH_PATHS = (
					"$(inherited)",
					"@executable_path/Frameworks",
				);
				PRODUCT_BUNDLE_IDENTIFIER = ctanaka.MyApp;
				PRODUCT_NAME = "$(TARGET_NAME)";
				SWIFT_VERSION = 5.0;
				TARGETED_DEVICE_FAMILY = "1,2";
			};
			name = Release;
		};
		6A0F7AFA242EB785006FF5EB /* Debug */ = {
			isa = XCBuildConfiguration;
			buildSettings = {
				ALWAYS_EMBED_SWIFT_STANDARD_LIBRARIES = YES;
				BUNDLE_LOADER = "$(TEST_HOST)";
				CODE_SIGN_STYLE = Automatic;
				INFOPLIST_FILE = MyAppTests/Info.plist;
				IPHONEOS_DEPLOYMENT_TARGET = 13.2;
				LD_RUNPATH_SEARCH_PATHS = (
					"$(inherited)",
					"@executable_path/Frameworks",
					"@loader_path/Frameworks",
				);
				PRODUCT_BUNDLE_IDENTIFIER = ctanaka.MyAppTests;
				PRODUCT_NAME = "$(TARGET_NAME)";
				SWIFT_VERSION = 5.0;
				TARGETED_DEVICE_FAMILY = "1,2";
				TEST_HOST = "$(BUILT_PRODUCTS_DIR)/MyApp.app/MyApp";
			};
			name = Debug;
		};
		6A0F7AFB242EB785006FF5EB /* Release */ = {
			isa = XCBuildConfiguration;
			buildSettings = {
				ALWAYS_EMBED_SWIFT_STANDARD_LIBRARIES = YES;
				BUNDLE_LOADER = "$(TEST_HOST)";
				CODE_SIGN_STYLE = Automatic;
				INFOPLIST_FILE = MyAppTests/Info.plist;
				IPHONEOS_DEPLOYMENT_TARGET = 13.2;
				LD_RUNPATH_SEARCH_PATHS = (
					"$(inherited)",
					"@executable_path/Frameworks",
					"@loader_path/Frameworks",
				);
				PRODUCT_BUNDLE_IDENTIFIER = ctanaka.MyAppTests;
				PRODUCT_NAME = "$(TARGET_NAME)";
				SWIFT_VERSION = 5.0;
				TARGETED_DEVICE_FAMILY = "1,2";
				TEST_HOST = "$(BUILT_PRODUCTS_DIR)/MyApp.app/MyApp";
			};
			name = Release;
		};
		6A0F7AFD242EB785006FF5EB /* Debug */ = {
			isa = XCBuildConfiguration;
			buildSettings = {
				ALWAYS_EMBED_SWIFT_STANDARD_LIBRARIES = YES;
				CODE_SIGN_STYLE = Automatic;
				INFOPLIST_FILE = MyAppUITests/Info.plist;
				LD_RUNPATH_SEARCH_PATHS = (
					"$(inherited)",
					"@executable_path/Frameworks",
					"@loader_path/Frameworks",
				);
				PRODUCT_BUNDLE_IDENTIFIER = ctanaka.MyAppUITests;
				PRODUCT_NAME = "$(TARGET_NAME)";
				SWIFT_VERSION = 5.0;
				TARGETED_DEVICE_FAMILY = "1,2";
				TEST_TARGET_NAME = MyApp;
			};
			name = Debug;
		};
		6A0F7AFE242EB785006FF5EB /* Release */ = {
			isa = XCBuildConfiguration;
			buildSettings = {
				ALWAYS_EMBED_SWIFT_STANDARD_LIBRARIES = YES;
				CODE_SIGN_STYLE = Automatic;
				INFOPLIST_FILE = MyAppUITests/Info.plist;
				LD_RUNPATH_SEARCH_PATHS = (
					"$(inherited)",
					"@executable_path/Frameworks",
					"@loader_path/Frameworks",
				);
				PRODUCT_BUNDLE_IDENTIFIER = ctanaka.MyAppUITests;
				PRODUCT_NAME = "$(TARGET_NAME)";
				SWIFT_VERSION = 5.0;
				TARGETED_DEVICE_FAMILY = "1,2";
				TEST_TARGET_NAME = MyApp;
			};
			name = Release;
		};
/* End XCBuildConfiguration section */

/* Begin XCConfigurationList section */
		6A0F7AC7242EB782006FF5EB /* Build configuration list for PBXProject "MyApp" */ = {
			isa = XCConfigurationList;
			buildConfigurations = (
				6A0F7AF4242EB785006FF5EB /* Debug */,
				6A0F7AF5242EB785006FF5EB /* Release */,
			);
			defaultConfigurationIsVisible = 0;
			defaultConfigurationName = Release;
		};
		6A0F7AF6242EB785006FF5EB /* Build configuration list for PBXNativeTarget "MyApp" */ = {
			isa = XCConfigurationList;
			buildConfigurations = (
				6A0F7AF7242EB785006FF5EB /* Debug */,
				6A0F7AF8242EB785006FF5EB /* Release */,
			);
			defaultConfigurationIsVisible = 0;
			defaultConfigurationName = Release;
		};
		6A0F7AF9242EB785006FF5EB /* Build configuration list for PBXNativeTarget "MyAppTests" */ = {
			isa = XCConfigurationList;
			buildConfigurations = (
				6A0F7AFA242EB785006FF5EB /* Debug */,
				6A0F7AFB242EB785006FF5EB /* Release */,
			);
			defaultConfigurationIsVisible = 0;
			defaultConfigurationName = Release;
		};
		6A0F7AFC242EB785006FF5EB /* Build configuration list for PBXNativeTarget "MyAppUITests" */ = {
			isa = XCConfigurationList;
			buildConfigurations = (
				6A0F7AFD242EB785006FF5EB /* Debug */,
				6A0F7AFE242EB785006FF5EB /* Release */,
			);
			defaultConfigurationIsVisible = 0;
			defaultConfigurationName = Release;
		};
/* End XCConfigurationList section */
	};
	rootObject = 6A0F7AC4242EB782006FF5EB /* Project object */;
}
